
Microsoft Visual Studio Solution File, Format Version 12.00
# Visual Studio Version 16
VisualStudioVersion = 16.0.29613.14
MinimumVisualStudioVersion = 10.0.40219.1
Project("{FAE04EC0-301F-11D3-BF4B-00C04F79EFBC}") = "UberStrikeClassic.Realtime.Server.Game", "UberStrikeClassic.Realtime.Server.Game\UberStrikeClassic.Realtime.Server.Game.csproj", "{D0DA6D2C-C284-4446-817B-49278D26AB78}"
EndProject
Global
	GlobalSection(SolutionConfigurationPlatforms) = preSolution
		Debug|Any CPU = Debug|Any CPU
		Release|Any CPU = Release|Any CPU
	EndGlobalSection
	GlobalSection(ProjectConfigurationPlatforms) = postSolution
		{D0DA6D2C-C284-4446-817B-49278D26AB78}.Debug|Any CPU.ActiveCfg = Debug|Any CPU
		{D0DA6D2C-C284-4446-817B-49278D26AB78}.Debug|Any CPU.Build.0 = Debug|Any CPU
		{D0DA6D2C-C284-4446-817B-49278D26AB78}.Release|Any CPU.ActiveCfg = Release|Any CPU
		{D0DA6D2C-C284-4446-817B-49278D26AB78}.Release|Any CPU.Build.0 = Release|Any CPU
	EndGlobalSection
	GlobalSection(SolutionProperties) = preSolution
		HideSolutionNode = FALSE
	EndGlobalSection
	GlobalSection(ExtensibilityGlobals) = postSolution
		SolutionGuid = {2B00C7F1-1D86-4B60-A092-F934B7710E56}
	EndGlobalSection
EndGlobal
